
Microsoft Visual Studio Solution File, Format Version 12.00
# Visual Studio 15
VisualStudioVersion = 15.0.28307.1000
MinimumVisualStudioVersion = 10.0.40219.1
Project("{9A19103F-16F7-4668-BE54-9A1E7A4F7556}") = "CFR000", "CFR000\CFR000.csproj", "{DB78C1BC-2E3D-4042-877D-15CB716411C6}"
EndProject
Global
	GlobalSection(SolutionConfigurationPlatforms) = preSolution
		Debug|Any CPU = Debug|Any CPU
		Release|Any CPU = Release|Any CPU
	EndGlobalSection
	GlobalSection(ProjectConfigurationPlatforms) = postSolution
		{DB78C1BC-2E3D-4042-877D-15CB716411C6}.Debug|Any CPU.ActiveCfg = Debug|Any CPU
		{DB78C1BC-2E3D-4042-877D-15CB716411C6}.Debug|Any CPU.Build.0 = Debug|Any CPU
		{DB78C1BC-2E3D-4042-877D-15CB716411C6}.Release|Any CPU.ActiveCfg = Release|Any CPU
		{DB78C1BC-2E3D-4042-877D-15CB716411C6}.Release|Any CPU.Build.0 = Release|Any CPU
	EndGlobalSection
	GlobalSection(SolutionProperties) = preSolution
		HideSolutionNode = FALSE
	EndGlobalSection
	GlobalSection(ExtensibilityGlobals) = postSolution
		SolutionGuid = {6605186C-EB05-4776-96BC-65A4E747B4EA}
	EndGlobalSection
EndGlobal
